
Microsoft Visual Studio Solution File, Format Version 12.00
# Visual Studio Version 17
VisualStudioVersion = 17.8.34525.116
MinimumVisualStudioVersion = 10.0.40219.1
Project("{FAE04EC0-301F-11D3-BF4B-00C04F79EFBC}") = "MauiAppFlix", "MauiAppFlix\MauiAppFlix.csproj", "{9C576345-3113-4474-8C25-291AD6F0B33E}"
EndProject
Global
	GlobalSection(SolutionConfigurationPlatforms) = preSolution
		Debug|Any CPU = Debug|Any CPU
		Release|Any CPU = Release|Any CPU
	EndGlobalSection
	GlobalSection(ProjectConfigurationPlatforms) = postSolution
		{9C576345-3113-4474-8C25-291AD6F0B33E}.Debug|Any CPU.ActiveCfg = Debug|Any CPU
		{9C576345-3113-4474-8C25-291AD6F0B33E}.Debug|Any CPU.Build.0 = Debug|Any CPU
		{9C576345-3113-4474-8C25-291AD6F0B33E}.Debug|Any CPU.Deploy.0 = Debug|Any CPU
		{9C576345-3113-4474-8C25-291AD6F0B33E}.Release|Any CPU.ActiveCfg = Release|Any CPU
		{9C576345-3113-4474-8C25-291AD6F0B33E}.Release|Any CPU.Build.0 = Release|Any CPU
		{9C576345-3113-4474-8C25-291AD6F0B33E}.Release|Any CPU.Deploy.0 = Release|Any CPU
	EndGlobalSection
	GlobalSection(SolutionProperties) = preSolution
		HideSolutionNode = FALSE
	EndGlobalSection
	GlobalSection(ExtensibilityGlobals) = postSolution
		SolutionGuid = {4200E099-12E5-4FD9-9B5C-2859AD670CFE}
	EndGlobalSection
EndGlobal
